
Microsoft Visual Studio Solution File, Format Version 12.00
# Visual Studio Version 16
VisualStudioVersion = 16.0.28803.352
MinimumVisualStudioVersion = 10.0.40219.1
Project("{9A19103F-16F7-4668-BE54-9A1E7A4F7556}") = "Yahtzee_Kata", "Yatzee_Kata_Template\Yahtzee_Kata.csproj", "{E8061711-CF3D-4C15-B076-3AB3402A901E}"
EndProject
Project("{9A19103F-16F7-4668-BE54-9A1E7A4F7556}") = "Yahtzee_Kata_Tests", "Yatzee_Kata_Tests\Yahtzee_Kata_Tests.csproj", "{1E3D410A-87CE-440B-AF79-0F1A37A3F78A}"
EndProject
Global
	GlobalSection(SolutionConfigurationPlatforms) = preSolution
		Debug|Any CPU = Debug|Any CPU
		Release|Any CPU = Release|Any CPU
	EndGlobalSection
	GlobalSection(ProjectConfigurationPlatforms) = postSolution
		{E8061711-CF3D-4C15-B076-3AB3402A901E}.Debug|Any CPU.ActiveCfg = Debug|Any CPU
		{E8061711-CF3D-4C15-B076-3AB3402A901E}.Debug|Any CPU.Build.0 = Debug|Any CPU
		{E8061711-CF3D-4C15-B076-3AB3402A901E}.Release|Any CPU.ActiveCfg = Release|Any CPU
		{E8061711-CF3D-4C15-B076-3AB3402A901E}.Release|Any CPU.Build.0 = Release|Any CPU
		{1E3D410A-87CE-440B-AF79-0F1A37A3F78A}.Debug|Any CPU.ActiveCfg = Debug|Any CPU
		{1E3D410A-87CE-440B-AF79-0F1A37A3F78A}.Debug|Any CPU.Build.0 = Debug|Any CPU
		{1E3D410A-87CE-440B-AF79-0F1A37A3F78A}.Release|Any CPU.ActiveCfg = Release|Any CPU
		{1E3D410A-87CE-440B-AF79-0F1A37A3F78A}.Release|Any CPU.Build.0 = Release|Any CPU
	EndGlobalSection
	GlobalSection(SolutionProperties) = preSolution
		HideSolutionNode = FALSE
	EndGlobalSection
	GlobalSection(ExtensibilityGlobals) = postSolution
		SolutionGuid = {87DB4D74-6872-46E0-80AE-BACD9FC5B03F}
	EndGlobalSection
EndGlobal
