
Microsoft Visual Studio Solution File, Format Version 12.00
# Visual Studio Version 16
VisualStudioVersion = 16.0.28917.181
MinimumVisualStudioVersion = 10.0.40219.1
Project("{9A19103F-16F7-4668-BE54-9A1E7A4F7556}") = "BowlingScoring", "BowlingScoring.csproj", "{EE25D2A1-F1A0-4140-B489-BB7E8D45CE42}"
EndProject
Global
	GlobalSection(SolutionConfigurationPlatforms) = preSolution
		Debug|Any CPU = Debug|Any CPU
		Release|Any CPU = Release|Any CPU
	EndGlobalSection
	GlobalSection(ProjectConfigurationPlatforms) = postSolution
		{EE25D2A1-F1A0-4140-B489-BB7E8D45CE42}.Debug|Any CPU.ActiveCfg = Debug|Any CPU
		{EE25D2A1-F1A0-4140-B489-BB7E8D45CE42}.Debug|Any CPU.Build.0 = Debug|Any CPU
		{EE25D2A1-F1A0-4140-B489-BB7E8D45CE42}.Release|Any CPU.ActiveCfg = Release|Any CPU
		{EE25D2A1-F1A0-4140-B489-BB7E8D45CE42}.Release|Any CPU.Build.0 = Release|Any CPU
	EndGlobalSection
	GlobalSection(SolutionProperties) = preSolution
		HideSolutionNode = FALSE
	EndGlobalSection
	GlobalSection(ExtensibilityGlobals) = postSolution
		SolutionGuid = {DA2156B6-C52C-4D83-8DB5-EFADF0EB4D7A}
	EndGlobalSection
EndGlobal
